version: 1
checksums:
  63f4c97e43b1d06779a7f553869f769a:
    noEngines.title: ad778915553f631c1008cfc7a27890af
    noEngines.intro: e2ac671311014f36276b36bb3f8c2254
    engines.cloud: ad5f56ebd5ba9ff68f0b347e8b8e65e9
    engines.local: bb9727a5961563627f37ef8c877071ed
    common.checkAgain: 6ff1a8ce611ac06d5faaa4facfad215d
    common.checking: 5de0cd278feb433fb6e880e817a5d6db
